// !$*UTF8*$!
{
	archiveVersion = 1;
	classes = {
	};
	objectVersion = 46;
	objects = {

/* Begin PBXBuildFile section */
		1818D8231CC2ECF000F19415 /* GamesTableTableViewController.swift in Sources */ = {isa = PBXBuildFile; fileRef = 1818D8221CC2ECF000F19415 /* GamesTableTableViewController.swift */; };
		1818D8251CC2ED4700F19415 /* HomeViewController.swift in Sources */ = {isa = PBXBuildFile; fileRef = 1818D8241CC2ED4700F19415 /* HomeViewController.swift */; };
		1818D82B1CC2FABF00F19415 /* GamesTableViewCell.swift in Sources */ = {isa = PBXBuildFile; fileRef = 1818D82A1CC2FABF00F19415 /* GamesTableViewCell.swift */; };
		1818D82F1CC3138500F19415 /* GameFeedTableViewController.swift in Sources */ = {isa = PBXBuildFile; fileRef = 1818D82E1CC3138500F19415 /* GameFeedTableViewController.swift */; };
		1818D8321CC33E4D00F19415 /* GameFeedTableViewCell.swift in Sources */ = {isa = PBXBuildFile; fileRef = 1818D8311CC33E4D00F19415 /* GameFeedTableViewCell.swift */; };
		1818D8341CC34F7C00F19415 /* WebViewController.swift in Sources */ = {isa = PBXBuildFile; fileRef = 1818D8331CC34F7C00F19415 /* WebViewController.swift */; };
		BA05814A1CC2E3F0009979E5 /* AppDelegate.swift in Sources */ = {isa = PBXBuildFile; fileRef = BA0581491CC2E3F0009979E5 /* AppDelegate.swift */; };
		BA05814F1CC2E3F0009979E5 /* Main.storyboard in Resources */ = {isa = PBXBuildFile; fileRef = BA05814D1CC2E3F0009979E5 /* Main.storyboard */; };
		BA0581511CC2E3F0009979E5 /* Assets.xcassets in Resources */ = {isa = PBXBuildFile; fileRef = BA0581501CC2E3F0009979E5 /* Assets.xcassets */; };
		BA0581541CC2E3F0009979E5 /* LaunchScreen.storyboard in Resources */ = {isa = PBXBuildFile; fileRef = BA0581521CC2E3F0009979E5 /* LaunchScreen.storyboard */; };
		BA05815C1CC2FA1D009979E5 /* ESPN.swift in Sources */ = {isa = PBXBuildFile; fileRef = BA05815B1CC2FA1D009979E5 /* ESPN.swift */; };
		BA1AD1321CC3BE9E00907E54 /* icon.png in Resources */ = {isa = PBXBuildFile; fileRef = BA1AD1311CC3BE9E00907E54 /* icon.png */; };
/* End PBXBuildFile section */

/* Begin PBXFileReference section */
		1818D8221CC2ECF000F19415 /* GamesTableTableViewController.swift */ = {isa = PBXFileReference; fileEncoding = 4; lastKnownFileType = sourcecode.swift; path = GamesTableTableViewController.swift; sourceTree = "<group>"; };
		1818D8241CC2ED4700F19415 /* HomeViewController.swift */ = {isa = PBXFileReference; fileEncoding = 4; lastKnownFileType = sourcecode.swift; path = HomeViewController.swift; sourceTree = "<group>"; };
		1818D82A1CC2FABF00F19415 /* GamesTableViewCell.swift */ = {isa = PBXFileReference; fileEncoding = 4; lastKnownFileType = sourcecode.swift; path = GamesTableViewCell.swift; sourceTree = "<group>"; };
		1818D82E1CC3138500F19415 /* GameFeedTableViewController.swift */ = {isa = PBXFileReference; fileEncoding = 4; lastKnownFileType = sourcecode.swift; path = GameFeedTableViewController.swift; sourceTree = "<group>"; };
		1818D8311CC33E4D00F19415 /* GameFeedTableViewCell.swift */ = {isa = PBXFileReference; fileEncoding = 4; lastKnownFileType = sourcecode.swift; path = GameFeedTableViewCell.swift; sourceTree = "<group>"; };
		1818D8331CC34F7C00F19415 /* WebViewController.swift */ = {isa = PBXFileReference; fileEncoding = 4; lastKnownFileType = sourcecode.swift; path = WebViewController.swift; sourceTree = "<group>"; };
		BA0581461CC2E3F0009979E5 /* Sports.app */ = {isa = PBXFileReference; explicitFileType = wrapper.application; includeInIndex = 0; path = Sports.app; sourceTree = BUILT_PRODUCTS_DIR; };
		BA0581491CC2E3F0009979E5 /* AppDelegate.swift */ = {isa = PBXFileReference; lastKnownFileType = sourcecode.swift; path = AppDelegate.swift; sourceTree = "<group>"; };
		BA05814E1CC2E3F0009979E5 /* Base */ = {isa = PBXFileReference; lastKnownFileType = file.storyboard; name = Base; path = Base.lproj/Main.storyboard; sourceTree = "<group>"; };
		BA0581501CC2E3F0009979E5 /* Assets.xcassets */ = {isa = PBXFileReference; lastKnownFileType = folder.assetcatalog; path = Assets.xcassets; sourceTree = "<group>"; };
		BA0581531CC2E3F0009979E5 /* Base */ = {isa = PBXFileReference; lastKnownFileType = file.storyboard; name = Base; path = Base.lproj/LaunchScreen.storyboard; sourceTree = "<group>"; };
		BA0581551CC2E3F0009979E5 /* Info.plist */ = {isa = PBXFileReference; lastKnownFileType = text.plist.xml; path = Info.plist; sourceTree = "<group>"; };
		BA05815B1CC2FA1D009979E5 /* ESPN.swift */ = {isa = PBXFileReference; fileEncoding = 4; lastKnownFileType = sourcecode.swift; name = ESPN.swift; path = ../ESPN.swift; sourceTree = "<group>"; };
		BA1AD1311CC3BE9E00907E54 /* icon.png */ = {isa = PBXFileReference; lastKnownFileType = image.png; path = icon.png; sourceTree = "<group>"; };
/* End PBXFileReference section */

/* Begin PBXFrameworksBuildPhase section */
		BA0581431CC2E3F0009979E5 /* Frameworks */ = {
			isa = PBXFrameworksBuildPhase;
			buildActionMask = 2147483647;
			files = (
			);
			runOnlyForDeploymentPostprocessing = 0;
		};
/* End PBXFrameworksBuildPhase section */

/* Begin PBXGroup section */
		1818D81E1CC2EC7000F19415 /* View Controllers */ = {
			isa = PBXGroup;
			children = (
				1818D8241CC2ED4700F19415 /* HomeViewController.swift */,
				1818D8331CC34F7C00F19415 /* WebViewController.swift */,
			);
			path = "View Controllers";
			sourceTree = "<group>";
		};
		1818D8211CC2ECBE00F19415 /* Table View Controllers */ = {
			isa = PBXGroup;
			children = (
				1818D8221CC2ECF000F19415 /* GamesTableTableViewController.swift */,
				1818D82E1CC3138500F19415 /* GameFeedTableViewController.swift */,
			);
			path = "Table View Controllers";
			sourceTree = "<group>";
		};
		1818D8291CC2FABF00F19415 /* Table View Cells */ = {
			isa = PBXGroup;
			children = (
				1818D82A1CC2FABF00F19415 /* GamesTableViewCell.swift */,
				1818D8311CC33E4D00F19415 /* GameFeedTableViewCell.swift */,
			);
			path = "Table View Cells";
			sourceTree = "<group>";
		};
		1818D8301CC3139E00F19415 /* Data Fetching */ = {
			isa = PBXGroup;
			children = (
				BA05815B1CC2FA1D009979E5 /* ESPN.swift */,
			);
			path = "Data Fetching";
			sourceTree = "<group>";
		};
		BA05813D1CC2E3F0009979E5 = {
			isa = PBXGroup;
			children = (
				BA0581481CC2E3F0009979E5 /* Sports */,
				BA0581471CC2E3F0009979E5 /* Products */,
			);
			sourceTree = "<group>";
		};
		BA0581471CC2E3F0009979E5 /* Products */ = {
			isa = PBXGroup;
			children = (
				BA0581461CC2E3F0009979E5 /* Sports.app */,
			);
			name = Products;
			sourceTree = "<group>";
		};
		BA0581481CC2E3F0009979E5 /* Sports */ = {
			isa = PBXGroup;
			children = (
				1818D8301CC3139E00F19415 /* Data Fetching */,
				1818D8291CC2FABF00F19415 /* Table View Cells */,
				1818D8211CC2ECBE00F19415 /* Table View Controllers */,
				1818D81E1CC2EC7000F19415 /* View Controllers */,
				BA0581491CC2E3F0009979E5 /* AppDelegate.swift */,
				BA05814D1CC2E3F0009979E5 /* Main.storyboard */,
				BA0581501CC2E3F0009979E5 /* Assets.xcassets */,
				BA0581521CC2E3F0009979E5 /* LaunchScreen.storyboard */,
				BA1AD1311CC3BE9E00907E54 /* icon.png */,
				BA0581551CC2E3F0009979E5 /* Info.plist */,
			);
			path = Sports;
			sourceTree = "<group>";
		};
/* End PBXGroup section */

/* Begin PBXNativeTarget section */
		BA0581451CC2E3F0009979E5 /* Sports */ = {
			isa = PBXNativeTarget;
			buildConfigurationList = BA0581581CC2E3F0009979E5 /* Build configuration list for PBXNativeTarget "Sports" */;
			buildPhases = (
				BA0581421CC2E3F0009979E5 /* Sources */,
				BA0581431CC2E3F0009979E5 /* Frameworks */,
				BA0581441CC2E3F0009979E5 /* Resources */,
			);
			buildRules = (
			);
			dependencies = (
			);
			name = Sports;
			productName = Sports;
			productReference = BA0581461CC2E3F0009979E5 /* Sports.app */;
			productType = "com.apple.product-type.application";
		};
/* End PBXNativeTarget section */

/* Begin PBXProject section */
		BA05813E1CC2E3F0009979E5 /* Project object */ = {
			isa = PBXProject;
			attributes = {
				LastSwiftUpdateCheck = 0720;
				LastUpgradeCheck = 0720;
				ORGANIZATIONNAME = "Akshay Srivatsan";
				TargetAttributes = {
					BA0581451CC2E3F0009979E5 = {
						CreatedOnToolsVersion = 7.2;
						DevelopmentTeam = 93A3A55S39;
					};
				};
			};
			buildConfigurationList = BA0581411CC2E3F0009979E5 /* Build configuration list for PBXProject "Sports" */;
			compatibilityVersion = "Xcode 3.2";
			developmentRegion = English;
			hasScannedForEncodings = 0;
			knownRegions = (
				en,
				Base,
			);
			mainGroup = BA05813D1CC2E3F0009979E5;
			productRefGroup = BA0581471CC2E3F0009979E5 /* Products */;
			projectDirPath = "";
			projectRoot = "";
			targets = (
				BA0581451CC2E3F0009979E5 /* Sports */,
			);
		};
/* End PBXProject section */

/* Begin PBXResourcesBuildPhase section */
		BA0581441CC2E3F0009979E5 /* Resources */ = {
			isa = PBXResourcesBuildPhase;
			buildActionMask = 2147483647;
			files = (
				BA1AD1321CC3BE9E00907E54 /* icon.png in Resources */,
				BA0581541CC2E3F0009979E5 /* LaunchScreen.storyboard in Resources */,
				BA0581511CC2E3F0009979E5 /* Assets.xcassets in Resources */,
				BA05814F1CC2E3F0009979E5 /* Main.storyboard in Resources */,
			);
			runOnlyForDeploymentPostprocessing = 0;
		};
/* End PBXResourcesBuildPhase section */

/* Begin PBXSourcesBuildPhase section */
		BA0581421CC2E3F0009979E5 /* Sources */ = {
			isa = PBXSourcesBuildPhase;
			buildActionMask = 2147483647;
			files = (
				1818D8231CC2ECF000F19415 /* GamesTableTableViewController.swift in Sources */,
				BA05814A1CC2E3F0009979E5 /* AppDelegate.swift in Sources */,
				1818D8251CC2ED4700F19415 /* HomeViewController.swift in Sources */,
				1818D82F1CC3138500F19415 /* GameFeedTableViewController.swift in Sources */,
				1818D82B1CC2FABF00F19415 /* GamesTableViewCell.swift in Sources */,
				BA05815C1CC2FA1D009979E5 /* ESPN.swift in Sources */,
				1818D8321CC33E4D00F19415 /* GameFeedTableViewCell.swift in Sources */,
				1818D8341CC34F7C00F19415 /* WebViewController.swift in Sources */,
			);
			runOnlyForDeploymentPostprocessing = 0;
		};
/* End PBXSourcesBuildPhase section */

/* Begin PBXVariantGroup section */
		BA05814D1CC2E3F0009979E5 /* Main.storyboard */ = {
			isa = PBXVariantGroup;
			children = (
				BA05814E1CC2E3F0009979E5 /* Base */,
			);
			name = Main.storyboard;
			sourceTree = "<group>";
		};
		BA0581521CC2E3F0009979E5 /* LaunchScreen.storyboard */ = {
			isa = PBXVariantGroup;
			children = (
				BA0581531CC2E3F0009979E5 /* Base */,
			);
			name = LaunchScreen.storyboard;
			sourceTree = "<group>";
		};
/* End PBXVariantGroup section */

/* Begin XCBuildConfiguration section */
		BA0581561CC2E3F0009979E5 /* Debug */ = {
			isa = XCBuildConfiguration;
			buildSettings = {
				ALWAYS_SEARCH_USER_PATHS = NO;
				CLANG_CXX_LANGUAGE_STANDARD = "gnu++0x";
				CLANG_CXX_LIBRARY = "libc++";
				CLANG_ENABLE_MODULES = YES;
				CLANG_ENABLE_OBJC_ARC = YES;
				CLANG_WARN_BOOL_CONVERSION = YES;
				CLANG_WARN_CONSTANT_CONVERSION = YES;
				CLANG_WARN_DIRECT_OBJC_ISA_USAGE = YES_ERROR;
				CLANG_WARN_EMPTY_BODY = YES;
				CLANG_WARN_ENUM_CONVERSION = YES;
				CLANG_WARN_INT_CONVERSION = YES;
				CLANG_WARN_OBJC_ROOT_CLASS = YES_ERROR;
				CLANG_WARN_UNREACHABLE_CODE = YES;
				CLANG_WARN__DUPLICATE_METHOD_MATCH = YES;
				"CODE_SIGN_IDENTITY[sdk=iphoneos*]" = "iPhone Developer";
				COPY_PHASE_STRIP = NO;
				DEBUG_INFORMATION_FORMAT = dwarf;
				ENABLE_STRICT_OBJC_MSGSEND = YES;
				ENABLE_TESTABILITY = YES;
				GCC_C_LANGUAGE_STANDARD = gnu99;
				GCC_DYNAMIC_NO_PIC = NO;
				GCC_NO_COMMON_BLOCKS = YES;
				GCC_OPTIMIZATION_LEVEL = 0;
				GCC_PREPROCESSOR_DEFINITIONS = (
					"DEBUG=1",
					"$(inherited)",
				);
				GCC_WARN_64_TO_32_BIT_CONVERSION = YES;
				GCC_WARN_ABOUT_RETURN_TYPE = YES_ERROR;
				GCC_WARN_UNDECLARED_SELECTOR = YES;
				GCC_WARN_UNINITIALIZED_AUTOS = YES_AGGRESSIVE;
				GCC_WARN_UNUSED_FUNCTION = YES;
				GCC_WARN_UNUSED_VARIABLE = YES;
				IPHONEOS_DEPLOYMENT_TARGET = 9.2;
				MTL_ENABLE_DEBUG_INFO = YES;
				ONLY_ACTIVE_ARCH = YES;
				SDKROOT = iphoneos;
				SWIFT_OPTIMIZATION_LEVEL = "-Onone";
			};
			name = Debug;
		};
		BA0581571CC2E3F0009979E5 /* Release */ = {
			isa = XCBuildConfiguration;
			buildSettings = {
				ALWAYS_SEARCH_USER_PATHS = NO;
				CLANG_CXX_LANGUAGE_STANDARD = "gnu++0x";
				CLANG_CXX_LIBRARY = "libc++";
				CLANG_ENABLE_MODULES = YES;
				CLANG_ENABLE_OBJC_ARC = YES;
				CLANG_WARN_BOOL_CONVERSION = YES;
				CLANG_WARN_CONSTANT_CONVERSION = YES;
				CLANG_WARN_DIRECT_OBJC_ISA_USAGE = YES_ERROR;
				CLANG_WARN_EMPTY_BODY = YES;
				CLANG_WARN_ENUM_CONVERSION = YES;
				CLANG_WARN_INT_CONVERSION = YES;
				CLANG_WARN_OBJC_ROOT_CLASS = YES_ERROR;
				CLANG_WARN_UNREACHABLE_CODE = YES;
				CLANG_WARN__DUPLICATE_METHOD_MATCH = YES;
				"CODE_SIGN_IDENTITY[sdk=iphoneos*]" = "iPhone Developer";
				COPY_PHASE_STRIP = NO;
				DEBUG_INFORMATION_FORMAT = "dwarf-with-dsym";
				ENABLE_NS_ASSERTIONS = NO;
				ENABLE_STRICT_OBJC_MSGSEND = YES;
				GCC_C_LANGUAGE_STANDARD = gnu99;
				GCC_NO_COMMON_BLOCKS = YES;
				GCC_WARN_64_TO_32_BIT_CONVERSION = YES;
				GCC_WARN_ABOUT_RETURN_TYPE = YES_ERROR;
				GCC_WARN_UNDECLARED_SELECTOR = YES;
				GCC_WARN_UNINITIALIZED_AUTOS = YES_AGGRESSIVE;
				GCC_WARN_UNUSED_FUNCTION = YES;
				GCC_WARN_UNUSED_VARIABLE = YES;
				IPHONEOS_DEPLOYMENT_TARGET = 9.2;
				MTL_ENABLE_DEBUG_INFO = NO;
				SDKROOT = iphoneos;
				VALIDATE_PRODUCT = YES;
			};
			name = Release;
		};
		BA0581591CC2E3F0009979E5 /* Debug */ = {
			isa = XCBuildConfiguration;
			buildSettings = {
				ASSETCATALOG_COMPILER_APPICON_NAME = AppIcon;
				CODE_SIGN_IDENTITY = "iPhone Developer";
				INFOPLIST_FILE = Sports/Info.plist;
				IPHONEOS_DEPLOYMENT_TARGET = 8.0;
				LD_RUNPATH_SEARCH_PATHS = "$(inherited) @executable_path/Frameworks";
				PRODUCT_BUNDLE_IDENTIFIER = tech.apeiron.Sports;
				PRODUCT_NAME = "$(TARGET_NAME)";
			};
			name = Debug;
		};
		BA05815A1CC2E3F0009979E5 /* Release */ = {
			isa = XCBuildConfiguration;
			buildSettings = {
				ASSETCATALOG_COMPILER_APPICON_NAME = AppIcon;
				CODE_SIGN_IDENTITY = "iPhone Developer";
				INFOPLIST_FILE = Sports/Info.plist;
				IPHONEOS_DEPLOYMENT_TARGET = 8.0;
				LD_RUNPATH_SEARCH_PATHS = "$(inherited) @executable_path/Frameworks";
				PRODUCT_BUNDLE_IDENTIFIER = tech.apeiron.Sports;
				PRODUCT_NAME = "$(TARGET_NAME)";
			};
			name = Release;
		};
/* End XCBuildConfiguration section */

/* Begin XCConfigurationList section */
		BA0581411CC2E3F0009979E5 /* Build configuration list for PBXProject "Sports" */ = {
			isa = XCConfigurationList;
			buildConfigurations = (
				BA0581561CC2E3F0009979E5 /* Debug */,
				BA0581571CC2E3F0009979E5 /* Release */,
			);
			defaultConfigurationIsVisible = 0;
			defaultConfigurationName = Release;
		};
		BA0581581CC2E3F0009979E5 /* Build configuration list for PBXNativeTarget "Sports" */ = {
			isa = XCConfigurationList;
			buildConfigurations = (
				BA0581591CC2E3F0009979E5 /* Debug */,
				BA05815A1CC2E3F0009979E5 /* Release */,
			);
			defaultConfigurationIsVisible = 0;
			defaultConfigurationName = Release;
		};
/* End XCConfigurationList section */
	};
	rootObject = BA05813E1CC2E3F0009979E5 /* Project object */;
}
